// !$*UTF8*$!
{
	archiveVersion = 1;
	classes = {
	};
	objectVersion = 46;
	objects = {

/* Begin PBXBuildFile section */
		25BD8E5E1B9BD04200217245 /* ZQYMenuBar.m in Sources */ = {isa = PBXBuildFile; fileRef = 25BD8E5D1B9BD04200217245 /* ZQYMenuBar.m */; };
		7D7BDADB1B91EBB400813D79 /* main.m in Sources */ = {isa = PBXBuildFile; fileRef = 7D7BDADA1B91EBB400813D79 /* main.m */; };
		7D7BDADE1B91EBB400813D79 /* AppDelegate.m in Sources */ = {isa = PBXBuildFile; fileRef = 7D7BDADD1B91EBB400813D79 /* AppDelegate.m */; };
		7D7BDAE11B91EBB400813D79 /* ViewController.m in Sources */ = {isa = PBXBuildFile; fileRef = 7D7BDAE01B91EBB400813D79 /* ViewController.m */; };
		7D7BDAE41B91EBB400813D79 /* Main.storyboard in Resources */ = {isa = PBXBuildFile; fileRef = 7D7BDAE21B91EBB400813D79 /* Main.storyboard */; };
		7D7BDAE61B91EBB400813D79 /* Images.xcassets in Resources */ = {isa = PBXBuildFile; fileRef = 7D7BDAE51B91EBB400813D79 /* Images.xcassets */; };
		7D7BDAE91B91EBB400813D79 /* LaunchScreen.xib in Resources */ = {isa = PBXBuildFile; fileRef = 7D7BDAE71B91EBB400813D79 /* LaunchScreen.xib */; };
		7D7BDAF51B91EBB400813D79 /* ZQYMenuBarTests.m in Sources */ = {isa = PBXBuildFile; fileRef = 7D7BDAF41B91EBB400813D79 /* ZQYMenuBarTests.m */; };
/* End PBXBuildFile section */

/* Begin PBXContainerItemProxy section */
		7D7BDAEF1B91EBB400813D79 /* PBXContainerItemProxy */ = {
			isa = PBXContainerItemProxy;
			containerPortal = 7D7BDACD1B91EBB400813D79 /* Project object */;
			proxyType = 1;
			remoteGlobalIDString = 7D7BDAD41B91EBB400813D79;
			remoteInfo = ZQYMenuBar;
		};
/* End PBXContainerItemProxy section */

/* Begin PBXFileReference section */
		25BD8E5C1B9BD04200217245 /* ZQYMenuBar.h */ = {isa = PBXFileReference; fileEncoding = 4; lastKnownFileType = sourcecode.c.h; path = ZQYMenuBar.h; sourceTree = "<group>"; };
		25BD8E5D1B9BD04200217245 /* ZQYMenuBar.m */ = {isa = PBXFileReference; fileEncoding = 4; lastKnownFileType = sourcecode.c.objc; path = ZQYMenuBar.m; sourceTree = "<group>"; };
		7D7BDAD51B91EBB400813D79 /* ZQYMenuBar.app */ = {isa = PBXFileReference; explicitFileType = wrapper.application; includeInIndex = 0; path = ZQYMenuBar.app; sourceTree = BUILT_PRODUCTS_DIR; };
		7D7BDAD91B91EBB400813D79 /* Info.plist */ = {isa = PBXFileReference; lastKnownFileType = text.plist.xml; path = Info.plist; sourceTree = "<group>"; };
		7D7BDADA1B91EBB400813D79 /* main.m */ = {isa = PBXFileReference; lastKnownFileType = sourcecode.c.objc; path = main.m; sourceTree = "<group>"; };
		7D7BDADC1B91EBB400813D79 /* AppDelegate.h */ = {isa = PBXFileReference; lastKnownFileType = sourcecode.c.h; path = AppDelegate.h; sourceTree = "<group>"; };
		7D7BDADD1B91EBB400813D79 /* AppDelegate.m */ = {isa = PBXFileReference; lastKnownFileType = sourcecode.c.objc; path = AppDelegate.m; sourceTree = "<group>"; };
		7D7BDADF1B91EBB400813D79 /* ViewController.h */ = {isa = PBXFileReference; lastKnownFileType = sourcecode.c.h; path = ViewController.h; sourceTree = "<group>"; };
		7D7BDAE01B91EBB400813D79 /* ViewController.m */ = {isa = PBXFileReference; lastKnownFileType = sourcecode.c.objc; path = ViewController.m; sourceTree = "<group>"; };
		7D7BDAE31B91EBB400813D79 /* Base */ = {isa = PBXFileReference; lastKnownFileType = file.storyboard; name = Base; path = Base.lproj/Main.storyboard; sourceTree = "<group>"; };
		7D7BDAE51B91EBB400813D79 /* Images.xcassets */ = {isa = PBXFileReference; lastKnownFileType = folder.assetcatalog; path = Images.xcassets; sourceTree = "<group>"; };
		7D7BDAE81B91EBB400813D79 /* Base */ = {isa = PBXFileReference; lastKnownFileType = file.xib; name = Base; path = Base.lproj/LaunchScreen.xib; sourceTree = "<group>"; };
		7D7BDAEE1B91EBB400813D79 /* ZQYMenuBarTests.xctest */ = {isa = PBXFileReference; explicitFileType = wrapper.cfbundle; includeInIndex = 0; path = ZQYMenuBarTests.xctest; sourceTree = BUILT_PRODUCTS_DIR; };
		7D7BDAF31B91EBB400813D79 /* Info.plist */ = {isa = PBXFileReference; lastKnownFileType = text.plist.xml; path = Info.plist; sourceTree = "<group>"; };
		7D7BDAF41B91EBB400813D79 /* ZQYMenuBarTests.m */ = {isa = PBXFileReference; lastKnownFileType = sourcecode.c.objc; path = ZQYMenuBarTests.m; sourceTree = "<group>"; };
/* End PBXFileReference section */

/* Begin PBXFrameworksBuildPhase section */
		7D7BDAD21B91EBB400813D79 /* Frameworks */ = {
			isa = PBXFrameworksBuildPhase;
			buildActionMask = 2147483647;
			files = (
			);
			runOnlyForDeploymentPostprocessing = 0;
		};
		7D7BDAEB1B91EBB400813D79 /* Frameworks */ = {
			isa = PBXFrameworksBuildPhase;
			buildActionMask = 2147483647;
			files = (
			);
			runOnlyForDeploymentPostprocessing = 0;
		};
/* End PBXFrameworksBuildPhase section */

/* Begin PBXGroup section */
		25BD8E5B1B9BD04200217245 /* ZQYMenuBar */ = {
			isa = PBXGroup;
			children = (
				25BD8E5C1B9BD04200217245 /* ZQYMenuBar.h */,
				25BD8E5D1B9BD04200217245 /* ZQYMenuBar.m */,
			);
			path = ZQYMenuBar;
			sourceTree = "<group>";
		};
		7D7BDACC1B91EBB400813D79 = {
			isa = PBXGroup;
			children = (
				7D7BDAD71B91EBB400813D79 /* ZQYMenuBar */,
				7D7BDAF11B91EBB400813D79 /* ZQYMenuBarTests */,
				7D7BDAD61B91EBB400813D79 /* Products */,
			);
			sourceTree = "<group>";
		};
		7D7BDAD61B91EBB400813D79 /* Products */ = {
			isa = PBXGroup;
			children = (
				7D7BDAD51B91EBB400813D79 /* ZQYMenuBar.app */,
				7D7BDAEE1B91EBB400813D79 /* ZQYMenuBarTests.xctest */,
			);
			name = Products;
			sourceTree = "<group>";
		};
		7D7BDAD71B91EBB400813D79 /* ZQYMenuBar */ = {
			isa = PBXGroup;
			children = (
				25BD8E5B1B9BD04200217245 /* ZQYMenuBar */,
				7D7BDADC1B91EBB400813D79 /* AppDelegate.h */,
				7D7BDADD1B91EBB400813D79 /* AppDelegate.m */,
				7D7BDADF1B91EBB400813D79 /* ViewController.h */,
				7D7BDAE01B91EBB400813D79 /* ViewController.m */,
				7D7BDAE21B91EBB400813D79 /* Main.storyboard */,
				7D7BDAE51B91EBB400813D79 /* Images.xcassets */,
				7D7BDAE71B91EBB400813D79 /* LaunchScreen.xib */,
				7D7BDAD81B91EBB400813D79 /* Supporting Files */,
			);
			path = ZQYMenuBar;
			sourceTree = "<group>";
		};
		7D7BDAD81B91EBB400813D79 /* Supporting Files */ = {
			isa = PBXGroup;
			children = (
				7D7BDAD91B91EBB400813D79 /* Info.plist */,
				7D7BDADA1B91EBB400813D79 /* main.m */,
			);
			name = "Supporting Files";
			sourceTree = "<group>";
		};
		7D7BDAF11B91EBB400813D79 /* ZQYMenuBarTests */ = {
			isa = PBXGroup;
			children = (
				7D7BDAF41B91EBB400813D79 /* ZQYMenuBarTests.m */,
				7D7BDAF21B91EBB400813D79 /* Supporting Files */,
			);
			path = ZQYMenuBarTests;
			sourceTree = "<group>";
		};
		7D7BDAF21B91EBB400813D79 /* Supporting Files */ = {
			isa = PBXGroup;
			children = (
				7D7BDAF31B91EBB400813D79 /* Info.plist */,
			);
			name = "Supporting Files";
			sourceTree = "<group>";
		};
/* End PBXGroup section */

/* Begin PBXNativeTarget section */
		7D7BDAD41B91EBB400813D79 /* ZQYMenuBar */ = {
			isa = PBXNativeTarget;
			buildConfigurationList = 7D7BDAF81B91EBB400813D79 /* Build configuration list for PBXNativeTarget "ZQYMenuBar" */;
			buildPhases = (
				7D7BDAD11B91EBB400813D79 /* Sources */,
				7D7BDAD21B91EBB400813D79 /* Frameworks */,
				7D7BDAD31B91EBB400813D79 /* Resources */,
			);
			buildRules = (
			);
			dependencies = (
			);
			name = ZQYMenuBar;
			productName = ZQYMenuBar;
			productReference = 7D7BDAD51B91EBB400813D79 /* ZQYMenuBar.app */;
			productType = "com.apple.product-type.application";
		};
		7D7BDAED1B91EBB400813D79 /* ZQYMenuBarTests */ = {
			isa = PBXNativeTarget;
			buildConfigurationList = 7D7BDAFB1B91EBB400813D79 /* Build configuration list for PBXNativeTarget "ZQYMenuBarTests" */;
			buildPhases = (
				7D7BDAEA1B91EBB400813D79 /* Sources */,
				7D7BDAEB1B91EBB400813D79 /* Frameworks */,
				7D7BDAEC1B91EBB400813D79 /* Resources */,
			);
			buildRules = (
			);
			dependencies = (
				7D7BDAF01B91EBB400813D79 /* PBXTargetDependency */,
			);
			name = ZQYMenuBarTests;
			productName = ZQYMenuBarTests;
			productReference = 7D7BDAEE1B91EBB400813D79 /* ZQYMenuBarTests.xctest */;
			productType = "com.apple.product-type.bundle.unit-test";
		};
/* End PBXNativeTarget section */

/* Begin PBXProject section */
		7D7BDACD1B91EBB400813D79 /* Project object */ = {
			isa = PBXProject;
			attributes = {
				LastUpgradeCheck = 0640;
				ORGANIZATIONNAME = zqybin;
				TargetAttributes = {
					7D7BDAD41B91EBB400813D79 = {
						CreatedOnToolsVersion = 6.4;
					};
					7D7BDAED1B91EBB400813D79 = {
						CreatedOnToolsVersion = 6.4;
						TestTargetID = 7D7BDAD41B91EBB400813D79;
					};
				};
			};
			buildConfigurationList = 7D7BDAD01B91EBB400813D79 /* Build configuration list for PBXProject "ZQYMenuBar" */;
			compatibilityVersion = "Xcode 3.2";
			developmentRegion = English;
			hasScannedForEncodings = 0;
			knownRegions = (
				en,
				Base,
			);
			mainGroup = 7D7BDACC1B91EBB400813D79;
			productRefGroup = 7D7BDAD61B91EBB400813D79 /* Products */;
			projectDirPath = "";
			projectRoot = "";
			targets = (
				7D7BDAD41B91EBB400813D79 /* ZQYMenuBar */,
				7D7BDAED1B91EBB400813D79 /* ZQYMenuBarTests */,
			);
		};
/* End PBXProject section */

/* Begin PBXResourcesBuildPhase section */
		7D7BDAD31B91EBB400813D79 /* Resources */ = {
			isa = PBXResourcesBuildPhase;
			buildActionMask = 2147483647;
			files = (
				7D7BDAE41B91EBB400813D79 /* Main.storyboard in Resources */,
				7D7BDAE91B91EBB400813D79 /* LaunchScreen.xib in Resources */,
				7D7BDAE61B91EBB400813D79 /* Images.xcassets in Resources */,
			);
			runOnlyForDeploymentPostprocessing = 0;
		};
		7D7BDAEC1B91EBB400813D79 /* Resources */ = {
			isa = PBXResourcesBuildPhase;
			buildActionMask = 2147483647;
			files = (
			);
			runOnlyForDeploymentPostprocessing = 0;
		};
/* End PBXResourcesBuildPhase section */

/* Begin PBXSourcesBuildPhase section */
		7D7BDAD11B91EBB400813D79 /* Sources */ = {
			isa = PBXSourcesBuildPhase;
			buildActionMask = 2147483647;
			files = (
				7D7BDAE11B91EBB400813D79 /* ViewController.m in Sources */,
				25BD8E5E1B9BD04200217245 /* ZQYMenuBar.m in Sources */,
				7D7BDADE1B91EBB400813D79 /* AppDelegate.m in Sources */,
				7D7BDADB1B91EBB400813D79 /* main.m in Sources */,
			);
			runOnlyForDeploymentPostprocessing = 0;
		};
		7D7BDAEA1B91EBB400813D79 /* Sources */ = {
			isa = PBXSourcesBuildPhase;
			buildActionMask = 2147483647;
			files = (
				7D7BDAF51B91EBB400813D79 /* ZQYMenuBarTests.m in Sources */,
			);
			runOnlyForDeploymentPostprocessing = 0;
		};
/* End PBXSourcesBuildPhase section */

/* Begin PBXTargetDependency section */
		7D7BDAF01B91EBB400813D79 /* PBXTargetDependency */ = {
			isa = PBXTargetDependency;
			target = 7D7BDAD41B91EBB400813D79 /* ZQYMenuBar */;
			targetProxy = 7D7BDAEF1B91EBB400813D79 /* PBXContainerItemProxy */;
		};
/* End PBXTargetDependency section */

/* Begin PBXVariantGroup section */
		7D7BDAE21B91EBB400813D79 /* Main.storyboard */ = {
			isa = PBXVariantGroup;
			children = (
				7D7BDAE31B91EBB400813D79 /* Base */,
			);
			name = Main.storyboard;
			sourceTree = "<group>";
		};
		7D7BDAE71B91EBB400813D79 /* LaunchScreen.xib */ = {
			isa = PBXVariantGroup;
			children = (
				7D7BDAE81B91EBB400813D79 /* Base */,
			);
			name = LaunchScreen.xib;
			sourceTree = "<group>";
		};
/* End PBXVariantGroup section */

/* Begin XCBuildConfiguration section */
		7D7BDAF61B91EBB400813D79 /* Debug */ = {
			isa = XCBuildConfiguration;
			buildSettings = {
				ALWAYS_SEARCH_USER_PATHS = NO;
				CLANG_CXX_LANGUAGE_STANDARD = "gnu++0x";
				CLANG_CXX_LIBRARY = "libc++";
				CLANG_ENABLE_MODULES = YES;
				CLANG_ENABLE_OBJC_ARC = YES;
				CLANG_WARN_BOOL_CONVERSION = YES;
				CLANG_WARN_CONSTANT_CONVERSION = YES;
				CLANG_WARN_DIRECT_OBJC_ISA_USAGE = YES_ERROR;
				CLANG_WARN_EMPTY_BODY = YES;
				CLANG_WARN_ENUM_CONVERSION = YES;
				CLANG_WARN_INT_CONVERSION = YES;
				CLANG_WARN_OBJC_ROOT_CLASS = YES_ERROR;
				CLANG_WARN_UNREACHABLE_CODE = YES;
				CLANG_WARN__DUPLICATE_METHOD_MATCH = YES;
				"CODE_SIGN_IDENTITY[sdk=iphoneos*]" = "iPhone Developer";
				COPY_PHASE_STRIP = NO;
				DEBUG_INFORMATION_FORMAT = "dwarf-with-dsym";
				ENABLE_STRICT_OBJC_MSGSEND = YES;
				GCC_C_LANGUAGE_STANDARD = gnu99;
				GCC_DYNAMIC_NO_PIC = NO;
				GCC_NO_COMMON_BLOCKS = YES;
				GCC_OPTIMIZATION_LEVEL = 0;
				GCC_PREPROCESSOR_DEFINITIONS = (
					"DEBUG=1",
					"$(inherited)",
				);
				GCC_SYMBOLS_PRIVATE_EXTERN = NO;
				GCC_WARN_64_TO_32_BIT_CONVERSION = YES;
				GCC_WARN_ABOUT_RETURN_TYPE = YES_ERROR;
				GCC_WARN_UNDECLARED_SELECTOR = YES;
				GCC_WARN_UNINITIALIZED_AUTOS = YES_AGGRESSIVE;
				GCC_WARN_UNUSED_FUNCTION = YES;
				GCC_WARN_UNUSED_VARIABLE = YES;
				IPHONEOS_DEPLOYMENT_TARGET = 8.4;
				MTL_ENABLE_DEBUG_INFO = YES;
				ONLY_ACTIVE_ARCH = YES;
				SDKROOT = iphoneos;
			};
			name = Debug;
		};
		7D7BDAF71B91EBB400813D79 /* Release */ = {
			isa = XCBuildConfiguration;
			buildSettings = {
				ALWAYS_SEARCH_USER_PATHS = NO;
				CLANG_CXX_LANGUAGE_STANDARD = "gnu++0x";
				CLANG_CXX_LIBRARY = "libc++";
				CLANG_ENABLE_MODULES = YES;
				CLANG_ENABLE_OBJC_ARC = YES;
				CLANG_WARN_BOOL_CONVERSION = YES;
				CLANG_WARN_CONSTANT_CONVERSION = YES;
				CLANG_WARN_DIRECT_OBJC_ISA_USAGE = YES_ERROR;
				CLANG_WARN_EMPTY_BODY = YES;
				CLANG_WARN_ENUM_CONVERSION = YES;
				CLANG_WARN_INT_CONVERSION = YES;
				CLANG_WARN_OBJC_ROOT_CLASS = YES_ERROR;
				CLANG_WARN_UNREACHABLE_CODE = YES;
				CLANG_WARN__DUPLICATE_METHOD_MATCH = YES;
				"CODE_SIGN_IDENTITY[sdk=iphoneos*]" = "iPhone Developer";
				COPY_PHASE_STRIP = NO;
				DEBUG_INFORMATION_FORMAT = "dwarf-with-dsym";
				ENABLE_NS_ASSERTIONS = NO;
				ENABLE_STRICT_OBJC_MSGSEND = YES;
				GCC_C_LANGUAGE_STANDARD = gnu99;
				GCC_NO_COMMON_BLOCKS = YES;
				GCC_WARN_64_TO_32_BIT_CONVERSION = YES;
				GCC_WARN_ABOUT_RETURN_TYPE = YES_ERROR;
				GCC_WARN_UNDECLARED_SELECTOR = YES;
				GCC_WARN_UNINITIALIZED_AUTOS = YES_AGGRESSIVE;
				GCC_WARN_UNUSED_FUNCTION = YES;
				GCC_WARN_UNUSED_VARIABLE = YES;
				IPHONEOS_DEPLOYMENT_TARGET = 8.4;
				MTL_ENABLE_DEBUG_INFO = NO;
				SDKROOT = iphoneos;
				VALIDATE_PRODUCT = YES;
			};
			name = Release;
		};
		7D7BDAF91B91EBB400813D79 /* Debug */ = {
			isa = XCBuildConfiguration;
			buildSettings = {
				ASSETCATALOG_COMPILER_APPICON_NAME = AppIcon;
				INFOPLIST_FILE = ZQYMenuBar/Info.plist;
				LD_RUNPATH_SEARCH_PATHS = "$(inherited) @executable_path/Frameworks";
				PRODUCT_NAME = "$(TARGET_NAME)";
			};
			name = Debug;
		};
		7D7BDAFA1B91EBB400813D79 /* Release */ = {
			isa = XCBuildConfiguration;
			buildSettings = {
				ASSETCATALOG_COMPILER_APPICON_NAME = AppIcon;
				INFOPLIST_FILE = ZQYMenuBar/Info.plist;
				LD_RUNPATH_SEARCH_PATHS = "$(inherited) @executable_path/Frameworks";
				PRODUCT_NAME = "$(TARGET_NAME)";
			};
			name = Release;
		};
		7D7BDAFC1B91EBB400813D79 /* Debug */ = {
			isa = XCBuildConfiguration;
			buildSettings = {
				BUNDLE_LOADER = "$(TEST_HOST)";
				FRAMEWORK_SEARCH_PATHS = (
					"$(SDKROOT)/Developer/Library/Frameworks",
					"$(inherited)",
				);
				GCC_PREPROCESSOR_DEFINITIONS = (
					"DEBUG=1",
					"$(inherited)",
				);
				INFOPLIST_FILE = ZQYMenuBarTests/Info.plist;
				LD_RUNPATH_SEARCH_PATHS = "$(inherited) @executable_path/Frameworks @loader_path/Frameworks";
				PRODUCT_NAME = "$(TARGET_NAME)";
				TEST_HOST = "$(BUILT_PRODUCTS_DIR)/ZQYMenuBar.app/ZQYMenuBar";
			};
			name = Debug;
		};
		7D7BDAFD1B91EBB400813D79 /* Release */ = {
			isa = XCBuildConfiguration;
			buildSettings = {
				BUNDLE_LOADER = "$(TEST_HOST)";
				FRAMEWORK_SEARCH_PATHS = (
					"$(SDKROOT)/Developer/Library/Frameworks",
					"$(inherited)",
				);
				INFOPLIST_FILE = ZQYMenuBarTests/Info.plist;
				LD_RUNPATH_SEARCH_PATHS = "$(inherited) @executable_path/Frameworks @loader_path/Frameworks";
				PRODUCT_NAME = "$(TARGET_NAME)";
				TEST_HOST = "$(BUILT_PRODUCTS_DIR)/ZQYMenuBar.app/ZQYMenuBar";
			};
			name = Release;
		};
/* End XCBuildConfiguration section */

/* Begin XCConfigurationList section */
		7D7BDAD01B91EBB400813D79 /* Build configuration list for PBXProject "ZQYMenuBar" */ = {
			isa = XCConfigurationList;
			buildConfigurations = (
				7D7BDAF61B91EBB400813D79 /* Debug */,
				7D7BDAF71B91EBB400813D79 /* Release */,
			);
			defaultConfigurationIsVisible = 0;
			defaultConfigurationName = Release;
		};
		7D7BDAF81B91EBB400813D79 /* Build configuration list for PBXNativeTarget "ZQYMenuBar" */ = {
			isa = XCConfigurationList;
			buildConfigurations = (
				7D7BDAF91B91EBB400813D79 /* Debug */,
				7D7BDAFA1B91EBB400813D79 /* Release */,
			);
			defaultConfigurationIsVisible = 0;
			defaultConfigurationName = Release;
		};
		7D7BDAFB1B91EBB400813D79 /* Build configuration list for PBXNativeTarget "ZQYMenuBarTests" */ = {
			isa = XCConfigurationList;
			buildConfigurations = (
				7D7BDAFC1B91EBB400813D79 /* Debug */,
				7D7BDAFD1B91EBB400813D79 /* Release */,
			);
			defaultConfigurationIsVisible = 0;
			defaultConfigurationName = Release;
		};
/* End XCConfigurationList section */
	};
	rootObject = 7D7BDACD1B91EBB400813D79 /* Project object */;
}
